// !$*UTF8*$!
{
	archiveVersion = 1;
	classes = {
	};
	objectVersion = 51;
	objects = {

/* Begin PBXBuildFile section */
		045C8CE5BF8E212238836220 /* Pods_DhBank.framework in Frameworks */ = {isa = PBXBuildFile; fileRef = E53C1C15A158CD43CFAAA330 /* Pods_DhBank.framework */; };
		1F36E5BC2757A82A00954800 /* LoginViewModel.swift in Sources */ = {isa = PBXBuildFile; fileRef = 1F36E5BB2757A82A00954800 /* LoginViewModel.swift */; };
		1F36E5BE2757A8FA00954800 /* FirebaseService.swift in Sources */ = {isa = PBXBuildFile; fileRef = 1F36E5BD2757A8FA00954800 /* FirebaseService.swift */; };
		1F36E5C02757B0AE00954800 /* HomeViewModel.swift in Sources */ = {isa = PBXBuildFile; fileRef = 1F36E5BF2757B0AE00954800 /* HomeViewModel.swift */; };
		1FB302622739C2F400858775 /* apiServices.swift in Sources */ = {isa = PBXBuildFile; fileRef = 1FB302612739C2F400858775 /* apiServices.swift */; };
		1FB302642739C6BB00858775 /* CoinModel.swift in Sources */ = {isa = PBXBuildFile; fileRef = 1FB302632739C6BB00858775 /* CoinModel.swift */; };
		1FB302662739C99700858775 /* CoinViewModel.swift in Sources */ = {isa = PBXBuildFile; fileRef = 1FB302652739C99700858775 /* CoinViewModel.swift */; };
		1FB5B6B927558F7000188655 /* GoogleService-Info.plist in Resources */ = {isa = PBXBuildFile; fileRef = 1FB5B6B827558F7000188655 /* GoogleService-Info.plist */; };
		1FC502AF2745C649006C9437 /* CoreData.xcdatamodeld in Sources */ = {isa = PBXBuildFile; fileRef = 1FC502AD2745C649006C9437 /* CoreData.xcdatamodeld */; };
		1FC502BA2745C84A006C9437 /* CheckPoint+CoreDataClass copy.swift in Sources */ = {isa = PBXBuildFile; fileRef = 1FC502B82745C84A006C9437 /* CheckPoint+CoreDataClass copy.swift */; };
		1FC502BB2745C84A006C9437 /* CheckPoint+CoreDataProperties copy.swift in Sources */ = {isa = PBXBuildFile; fileRef = 1FC502B92745C84A006C9437 /* CheckPoint+CoreDataProperties copy.swift */; };
		1FC502BD2745C933006C9437 /* CoreDataService.swift in Sources */ = {isa = PBXBuildFile; fileRef = 1FC502BC2745C933006C9437 /* CoreDataService.swift */; };
		1FE702342745412900576E27 /* CoinModelEUR.swift in Sources */ = {isa = PBXBuildFile; fileRef = 1FE702332745412900576E27 /* CoinModelEUR.swift */; };
		1FEB38F32729B48000314E4F /* Podfile in Resources */ = {isa = PBXBuildFile; fileRef = 1FEB38F22729B48000314E4F /* Podfile */; };
		84577E2C2723C2510018023A /* AppDelegate.swift in Sources */ = {isa = PBXBuildFile; fileRef = 84577E2B2723C2510018023A /* AppDelegate.swift */; };
		84577E2E2723C2510018023A /* SceneDelegate.swift in Sources */ = {isa = PBXBuildFile; fileRef = 84577E2D2723C2510018023A /* SceneDelegate.swift */; };
		84577E332723C2510018023A /* Main.storyboard in Resources */ = {isa = PBXBuildFile; fileRef = 84577E312723C2510018023A /* Main.storyboard */; };
		84577E352723C2530018023A /* Assets.xcassets in Resources */ = {isa = PBXBuildFile; fileRef = 84577E342723C2530018023A /* Assets.xcassets */; };
		84577E382723C2530018023A /* LaunchScreen.storyboard in Resources */ = {isa = PBXBuildFile; fileRef = 84577E362723C2530018023A /* LaunchScreen.storyboard */; };
		84577E5D2723C3D90018023A /* SecondViewController.swift in Sources */ = {isa = PBXBuildFile; fileRef = 84577E442723C3D90018023A /* SecondViewController.swift */; };
		84577E5E2723C3D90018023A /* ViewController.swift in Sources */ = {isa = PBXBuildFile; fileRef = 84577E452723C3D90018023A /* ViewController.swift */; };
		84577E602723C3D90018023A /* SelectedFilterRecipesDataSource.swift in Sources */ = {isa = PBXBuildFile; fileRef = 84577E4A2723C3D90018023A /* SelectedFilterRecipesDataSource.swift */; };
		84577E612723C3D90018023A /* SelectedRecipeCollectionViewModelCell.xib in Resources */ = {isa = PBXBuildFile; fileRef = 84577E4C2723C3D90018023A /* SelectedRecipeCollectionViewModelCell.xib */; };
		84577E622723C3D90018023A /* SelectedRecipeCollectionViewModelCell.swift in Sources */ = {isa = PBXBuildFile; fileRef = 84577E4D2723C3D90018023A /* SelectedRecipeCollectionViewModelCell.swift */; };
		84577E632723C3D90018023A /* SelectedRecipeCollectionViewModel.swift in Sources */ = {isa = PBXBuildFile; fileRef = 84577E4E2723C3D90018023A /* SelectedRecipeCollectionViewModel.swift */; };
		84577E642723C3D90018023A /* CollectionViewCompatible.swift in Sources */ = {isa = PBXBuildFile; fileRef = 84577E4F2723C3D90018023A /* CollectionViewCompatible.swift */; };
		84577E652723C3D90018023A /* RoundButton.swift in Sources */ = {isa = PBXBuildFile; fileRef = 84577E512723C3D90018023A /* RoundButton.swift */; };
		84577E662723C3D90018023A /* GradientViewThreeColors.swift in Sources */ = {isa = PBXBuildFile; fileRef = 84577E522723C3D90018023A /* GradientViewThreeColors.swift */; };
		84577E672723C3D90018023A /* DataSource.swift in Sources */ = {isa = PBXBuildFile; fileRef = 84577E552723C3D90018023A /* DataSource.swift */; };
		84577E682723C3D90018023A /* CelulaComXibModel.swift in Sources */ = {isa = PBXBuildFile; fileRef = 84577E572723C3D90018023A /* CelulaComXibModel.swift */; };
		84577E692723C3D90018023A /* CelulaComXibModelCell.xib in Resources */ = {isa = PBXBuildFile; fileRef = 84577E582723C3D90018023A /* CelulaComXibModelCell.xib */; };
		84577E6A2723C3D90018023A /* CelulaComXibModelCell.swift in Sources */ = {isa = PBXBuildFile; fileRef = 84577E592723C3D90018023A /* CelulaComXibModelCell.swift */; };
		84577E6B2723C3D90018023A /* TableViewCompatible.swift in Sources */ = {isa = PBXBuildFile; fileRef = 84577E5A2723C3D90018023A /* TableViewCompatible.swift */; };
		84577E6C2723C3D90018023A /* TelaFavoritesViewController.swift in Sources */ = {isa = PBXBuildFile; fileRef = 84577E5B2723C3D90018023A /* TelaFavoritesViewController.swift */; };
		84577E6D2723C3D90018023A /* TelaPrincipalViewController.swift in Sources */ = {isa = PBXBuildFile; fileRef = 84577E5C2723C3D90018023A /* TelaPrincipalViewController.swift */; };
		84848F6D272C8749000BF623 /* GradientButton.swift in Sources */ = {isa = PBXBuildFile; fileRef = 84848F6C272C8749000BF623 /* GradientButton.swift */; };
		84848F70272C8F61000BF623 /* GradientLabel.swift in Sources */ = {isa = PBXBuildFile; fileRef = 84848F6F272C8F61000BF623 /* GradientLabel.swift */; };
/* End PBXBuildFile section */

/* Begin PBXFileReference section */
		1F36E5BB2757A82A00954800 /* LoginViewModel.swift */ = {isa = PBXFileReference; lastKnownFileType = sourcecode.swift; path = LoginViewModel.swift; sourceTree = "<group>"; };
		1F36E5BD2757A8FA00954800 /* FirebaseService.swift */ = {isa = PBXFileReference; lastKnownFileType = sourcecode.swift; path = FirebaseService.swift; sourceTree = "<group>"; };
		1F36E5BF2757B0AE00954800 /* HomeViewModel.swift */ = {isa = PBXFileReference; lastKnownFileType = sourcecode.swift; path = HomeViewModel.swift; sourceTree = "<group>"; };
		1FB302612739C2F400858775 /* apiServices.swift */ = {isa = PBXFileReference; lastKnownFileType = sourcecode.swift; path = apiServices.swift; sourceTree = "<group>"; };
		1FB302632739C6BB00858775 /* CoinModel.swift */ = {isa = PBXFileReference; lastKnownFileType = sourcecode.swift; path = CoinModel.swift; sourceTree = "<group>"; };
		1FB302652739C99700858775 /* CoinViewModel.swift */ = {isa = PBXFileReference; lastKnownFileType = sourcecode.swift; path = CoinViewModel.swift; sourceTree = "<group>"; };
		1FB5B6B827558F7000188655 /* GoogleService-Info.plist */ = {isa = PBXFileReference; fileEncoding = 4; lastKnownFileType = text.plist.xml; path = "GoogleService-Info.plist"; sourceTree = "<group>"; };
		1FC502AE2745C649006C9437 /* CoreData.xcdatamodel */ = {isa = PBXFileReference; lastKnownFileType = wrapper.xcdatamodel; path = CoreData.xcdatamodel; sourceTree = "<group>"; };
		1FC502B82745C84A006C9437 /* CheckPoint+CoreDataClass copy.swift */ = {isa = PBXFileReference; fileEncoding = 4; lastKnownFileType = sourcecode.swift; path = "CheckPoint+CoreDataClass copy.swift"; sourceTree = "<group>"; };
		1FC502B92745C84A006C9437 /* CheckPoint+CoreDataProperties copy.swift */ = {isa = PBXFileReference; fileEncoding = 4; lastKnownFileType = sourcecode.swift; path = "CheckPoint+CoreDataProperties copy.swift"; sourceTree = "<group>"; };
		1FC502BC2745C933006C9437 /* CoreDataService.swift */ = {isa = PBXFileReference; lastKnownFileType = sourcecode.swift; path = CoreDataService.swift; sourceTree = "<group>"; };
		1FE702332745412900576E27 /* CoinModelEUR.swift */ = {isa = PBXFileReference; lastKnownFileType = sourcecode.swift; path = CoinModelEUR.swift; sourceTree = "<group>"; };
		1FEB38F22729B48000314E4F /* Podfile */ = {isa = PBXFileReference; fileEncoding = 4; lastKnownFileType = text; path = Podfile; sourceTree = "<group>"; xcLanguageSpecificationIdentifier = xcode.lang.ruby; };
		84577E282723C2510018023A /* DhBank.app */ = {isa = PBXFileReference; explicitFileType = wrapper.application; includeInIndex = 0; path = DhBank.app; sourceTree = BUILT_PRODUCTS_DIR; };
		84577E2B2723C2510018023A /* AppDelegate.swift */ = {isa = PBXFileReference; lastKnownFileType = sourcecode.swift; path = AppDelegate.swift; sourceTree = "<group>"; };
		84577E2D2723C2510018023A /* SceneDelegate.swift */ = {isa = PBXFileReference; lastKnownFileType = sourcecode.swift; path = SceneDelegate.swift; sourceTree = "<group>"; };
		84577E322723C2510018023A /* Base */ = {isa = PBXFileReference; lastKnownFileType = file.storyboard; name = Base; path = Base.lproj/Main.storyboard; sourceTree = "<group>"; };
		84577E342723C2530018023A /* Assets.xcassets */ = {isa = PBXFileReference; lastKnownFileType = folder.assetcatalog; path = Assets.xcassets; sourceTree = "<group>"; };
		84577E372723C2530018023A /* Base */ = {isa = PBXFileReference; lastKnownFileType = file.storyboard; name = Base; path = Base.lproj/LaunchScreen.storyboard; sourceTree = "<group>"; };
		84577E392723C2530018023A /* Info.plist */ = {isa = PBXFileReference; lastKnownFileType = text.plist.xml; path = Info.plist; sourceTree = "<group>"; };
		84577E442723C3D90018023A /* SecondViewController.swift */ = {isa = PBXFileReference; fileEncoding = 4; lastKnownFileType = sourcecode.swift; path = SecondViewController.swift; sourceTree = "<group>"; };
		84577E452723C3D90018023A /* ViewController.swift */ = {isa = PBXFileReference; fileEncoding = 4; lastKnownFileType = sourcecode.swift; path = ViewController.swift; sourceTree = "<group>"; };
		84577E4A2723C3D90018023A /* SelectedFilterRecipesDataSource.swift */ = {isa = PBXFileReference; fileEncoding = 4; lastKnownFileType = sourcecode.swift; path = SelectedFilterRecipesDataSource.swift; sourceTree = "<group>"; };
		84577E4C2723C3D90018023A /* SelectedRecipeCollectionViewModelCell.xib */ = {isa = PBXFileReference; fileEncoding = 4; lastKnownFileType = file.xib; path = SelectedRecipeCollectionViewModelCell.xib; sourceTree = "<group>"; };
		84577E4D2723C3D90018023A /* SelectedRecipeCollectionViewModelCell.swift */ = {isa = PBXFileReference; fileEncoding = 4; lastKnownFileType = sourcecode.swift; path = SelectedRecipeCollectionViewModelCell.swift; sourceTree = "<group>"; };
		84577E4E2723C3D90018023A /* SelectedRecipeCollectionViewModel.swift */ = {isa = PBXFileReference; fileEncoding = 4; lastKnownFileType = sourcecode.swift; path = SelectedRecipeCollectionViewModel.swift; sourceTree = "<group>"; };
		84577E4F2723C3D90018023A /* CollectionViewCompatible.swift */ = {isa = PBXFileReference; fileEncoding = 4; lastKnownFileType = sourcecode.swift; path = CollectionViewCompatible.swift; sourceTree = "<group>"; };
		84577E512723C3D90018023A /* RoundButton.swift */ = {isa = PBXFileReference; fileEncoding = 4; lastKnownFileType = sourcecode.swift; path = RoundButton.swift; sourceTree = "<group>"; };
		84577E522723C3D90018023A /* GradientViewThreeColors.swift */ = {isa = PBXFileReference; fileEncoding = 4; lastKnownFileType = sourcecode.swift; path = GradientViewThreeColors.swift; sourceTree = "<group>"; };
		84577E552723C3D90018023A /* DataSource.swift */ = {isa = PBXFileReference; fileEncoding = 4; lastKnownFileType = sourcecode.swift; path = DataSource.swift; sourceTree = "<group>"; };
		84577E572723C3D90018023A /* CelulaComXibModel.swift */ = {isa = PBXFileReference; fileEncoding = 4; lastKnownFileType = sourcecode.swift; path = CelulaComXibModel.swift; sourceTree = "<group>"; };
		84577E582723C3D90018023A /* CelulaComXibModelCell.xib */ = {isa = PBXFileReference; fileEncoding = 4; lastKnownFileType = file.xib; path = CelulaComXibModelCell.xib; sourceTree = "<group>"; };
		84577E592723C3D90018023A /* CelulaComXibModelCell.swift */ = {isa = PBXFileReference; fileEncoding = 4; lastKnownFileType = sourcecode.swift; path = CelulaComXibModelCell.swift; sourceTree = "<group>"; };
		84577E5A2723C3D90018023A /* TableViewCompatible.swift */ = {isa = PBXFileReference; fileEncoding = 4; lastKnownFileType = sourcecode.swift; path = TableViewCompatible.swift; sourceTree = "<group>"; };
		84577E5B2723C3D90018023A /* TelaFavoritesViewController.swift */ = {isa = PBXFileReference; fileEncoding = 4; lastKnownFileType = sourcecode.swift; path = TelaFavoritesViewController.swift; sourceTree = "<group>"; };
		84577E5C2723C3D90018023A /* TelaPrincipalViewController.swift */ = {isa = PBXFileReference; fileEncoding = 4; lastKnownFileType = sourcecode.swift; path = TelaPrincipalViewController.swift; sourceTree = "<group>"; };
		84848F6C272C8749000BF623 /* GradientButton.swift */ = {isa = PBXFileReference; lastKnownFileType = sourcecode.swift; path = GradientButton.swift; sourceTree = "<group>"; };
		84848F6F272C8F61000BF623 /* GradientLabel.swift */ = {isa = PBXFileReference; lastKnownFileType = sourcecode.swift; path = GradientLabel.swift; sourceTree = "<group>"; };
		CD5720049D8843533E335BE9 /* Pods-DhBank.release.xcconfig */ = {isa = PBXFileReference; includeInIndex = 1; lastKnownFileType = text.xcconfig; name = "Pods-DhBank.release.xcconfig"; path = "Target Support Files/Pods-DhBank/Pods-DhBank.release.xcconfig"; sourceTree = "<group>"; };
		E53C1C15A158CD43CFAAA330 /* Pods_DhBank.framework */ = {isa = PBXFileReference; explicitFileType = wrapper.framework; includeInIndex = 0; path = Pods_DhBank.framework; sourceTree = BUILT_PRODUCTS_DIR; };
		F11D7342086B42C865131DD3 /* Pods-DhBank.debug.xcconfig */ = {isa = PBXFileReference; includeInIndex = 1; lastKnownFileType = text.xcconfig; name = "Pods-DhBank.debug.xcconfig"; path = "Target Support Files/Pods-DhBank/Pods-DhBank.debug.xcconfig"; sourceTree = "<group>"; };
/* End PBXFileReference section */

/* Begin PBXFrameworksBuildPhase section */
		84577E252723C2510018023A /* Frameworks */ = {
			isa = PBXFrameworksBuildPhase;
			buildActionMask = 2147483647;
			files = (
				045C8CE5BF8E212238836220 /* Pods_DhBank.framework in Frameworks */,
			);
			runOnlyForDeploymentPostprocessing = 0;
		};
/* End PBXFrameworksBuildPhase section */

/* Begin PBXGroup section */
		0328470089B983EA36B2DE68 /* Pods */ = {
			isa = PBXGroup;
			children = (
				F11D7342086B42C865131DD3 /* Pods-DhBank.debug.xcconfig */,
				CD5720049D8843533E335BE9 /* Pods-DhBank.release.xcconfig */,
			);
			path = Pods;
			sourceTree = "<group>";
		};
		1F2403CA2729AF7D000F21D3 /* Common */ = {
			isa = PBXGroup;
			children = (
				84577E2B2723C2510018023A /* AppDelegate.swift */,
				84577E2D2723C2510018023A /* SceneDelegate.swift */,
			);
			path = Common;
			sourceTree = "<group>";
		};
		1F2403CC2729AF96000F21D3 /* View */ = {
			isa = PBXGroup;
			children = (
				1F2403D22729B07D000F21D3 /* Favorites */,
				1F2403D12729B04F000F21D3 /* Home */,
				1F2403D02729B032000F21D3 /* Welcome */,
				1F2403CF2729B01D000F21D3 /* Login */,
			);
			path = View;
			sourceTree = "<group>";
		};
		1F2403CD2729AF9C000F21D3 /* Models */ = {
			isa = PBXGroup;
			children = (
				1FC502B82745C84A006C9437 /* CheckPoint+CoreDataClass copy.swift */,
				1FC502B92745C84A006C9437 /* CheckPoint+CoreDataProperties copy.swift */,
				1FB302632739C6BB00858775 /* CoinModel.swift */,
				1FE702332745412900576E27 /* CoinModelEUR.swift */,
			);
			path = Models;
			sourceTree = "<group>";
		};
		1F2403CE2729AFA4000F21D3 /* ViewModels */ = {
			isa = PBXGroup;
			children = (
				1FB302652739C99700858775 /* CoinViewModel.swift */,
				1F36E5BB2757A82A00954800 /* LoginViewModel.swift */,
				1F36E5BF2757B0AE00954800 /* HomeViewModel.swift */,
			);
			path = ViewModels;
			sourceTree = "<group>";
		};
		1F2403CF2729B01D000F21D3 /* Login */ = {
			isa = PBXGroup;
			children = (
				84577E452723C3D90018023A /* ViewController.swift */,
			);
			path = Login;
			sourceTree = "<group>";
		};
		1F2403D02729B032000F21D3 /* Welcome */ = {
			isa = PBXGroup;
			children = (
				84577E442723C3D90018023A /* SecondViewController.swift */,
			);
			path = Welcome;
			sourceTree = "<group>";
		};
		1F2403D12729B04F000F21D3 /* Home */ = {
			isa = PBXGroup;
			children = (
				84577E482723C3D90018023A /* Collection View */,
				84577E5C2723C3D90018023A /* TelaPrincipalViewController.swift */,
			);
			path = Home;
			sourceTree = "<group>";
		};
		1F2403D22729B07D000F21D3 /* Favorites */ = {
			isa = PBXGroup;
			children = (
				84577E532723C3D90018023A /* Table View */,
				84577E5B2723C3D90018023A /* TelaFavoritesViewController.swift */,
			);
			path = Favorites;
			sourceTree = "<group>";
		};
		1F2403D32729B096000F21D3 /* GlobalHelpers */ = {
			isa = PBXGroup;
			children = (
				84577E502723C3D90018023A /* Design */,
			);
			path = GlobalHelpers;
			sourceTree = "<group>";
		};
		1FB302602739C2E200858775 /* Services */ = {
			isa = PBXGroup;
			children = (
				1FB302612739C2F400858775 /* apiServices.swift */,
				1FC502BC2745C933006C9437 /* CoreDataService.swift */,
				1F36E5BD2757A8FA00954800 /* FirebaseService.swift */,
			);
			path = Services;
			sourceTree = "<group>";
		};
		4CE0CDB372BAFA63605EA113 /* Frameworks */ = {
			isa = PBXGroup;
			children = (
				E53C1C15A158CD43CFAAA330 /* Pods_DhBank.framework */,
			);
			name = Frameworks;
			sourceTree = "<group>";
		};
		84577E1F2723C2510018023A = {
			isa = PBXGroup;
			children = (
				84577E2A2723C2510018023A /* DhBank */,
				84577E292723C2510018023A /* Products */,
				0328470089B983EA36B2DE68 /* Pods */,
				4CE0CDB372BAFA63605EA113 /* Frameworks */,
			);
			sourceTree = "<group>";
		};
		84577E292723C2510018023A /* Products */ = {
			isa = PBXGroup;
			children = (
				84577E282723C2510018023A /* DhBank.app */,
			);
			name = Products;
			sourceTree = "<group>";
		};
		84577E2A2723C2510018023A /* DhBank */ = {
			isa = PBXGroup;
			children = (
				1FB302602739C2E200858775 /* Services */,
				1F2403D32729B096000F21D3 /* GlobalHelpers */,
				1F2403CE2729AFA4000F21D3 /* ViewModels */,
				1F2403CD2729AF9C000F21D3 /* Models */,
				1F2403CC2729AF96000F21D3 /* View */,
				1F2403CA2729AF7D000F21D3 /* Common */,
				84577E342723C2530018023A /* Assets.xcassets */,
				84577E312723C2510018023A /* Main.storyboard */,
				84577E362723C2530018023A /* LaunchScreen.storyboard */,
				84577E392723C2530018023A /* Info.plist */,
				1FEB38F22729B48000314E4F /* Podfile */,
				1FC502AD2745C649006C9437 /* CoreData.xcdatamodeld */,
				1FB5B6B827558F7000188655 /* GoogleService-Info.plist */,
			);
			name = DhBank;
			sourceTree = "<group>";
		};
		84577E482723C3D90018023A /* Collection View */ = {
			isa = PBXGroup;
			children = (
				84577E492723C3D90018023A /* DataSource */,
				84577E4B2723C3D90018023A /* Cells */,
				84577E4F2723C3D90018023A /* CollectionViewCompatible.swift */,
			);
			path = "Collection View";
			sourceTree = "<group>";
		};
		84577E492723C3D90018023A /* DataSource */ = {
			isa = PBXGroup;
			children = (
				84577E4A2723C3D90018023A /* SelectedFilterRecipesDataSource.swift */,
			);
			path = DataSource;
			sourceTree = "<group>";
		};
		84577E4B2723C3D90018023A /* Cells */ = {
			isa = PBXGroup;
			children = (
				84577E4C2723C3D90018023A /* SelectedRecipeCollectionViewModelCell.xib */,
				84577E4D2723C3D90018023A /* SelectedRecipeCollectionViewModelCell.swift */,
				84577E4E2723C3D90018023A /* SelectedRecipeCollectionViewModel.swift */,
			);
			path = Cells;
			sourceTree = "<group>";
		};
		84577E502723C3D90018023A /* Design */ = {
			isa = PBXGroup;
			children = (
				84577E512723C3D90018023A /* RoundButton.swift */,
				84577E522723C3D90018023A /* GradientViewThreeColors.swift */,
				84848F6C272C8749000BF623 /* GradientButton.swift */,
				84848F6F272C8F61000BF623 /* GradientLabel.swift */,
			);
			path = Design;
			sourceTree = "<group>";
		};
		84577E532723C3D90018023A /* Table View */ = {
			isa = PBXGroup;
			children = (
				84577E542723C3D90018023A /* DataSource */,
				84577E562723C3D90018023A /* Cells */,
				84577E5A2723C3D90018023A /* TableViewCompatible.swift */,
			);
			path = "Table View";
			sourceTree = "<group>";
		};
		84577E542723C3D90018023A /* DataSource */ = {
			isa = PBXGroup;
			children = (
				84577E552723C3D90018023A /* DataSource.swift */,
			);
			path = DataSource;
			sourceTree = "<group>";
		};
		84577E562723C3D90018023A /* Cells */ = {
			isa = PBXGroup;
			children = (
				84577E572723C3D90018023A /* CelulaComXibModel.swift */,
				84577E582723C3D90018023A /* CelulaComXibModelCell.xib */,
				84577E592723C3D90018023A /* CelulaComXibModelCell.swift */,
			);
			path = Cells;
			sourceTree = "<group>";
		};
/* End PBXGroup section */

/* Begin PBXNativeTarget section */
		84577E272723C2510018023A /* DhBank */ = {
			isa = PBXNativeTarget;
			buildConfigurationList = 84577E3C2723C2530018023A /* Build configuration list for PBXNativeTarget "DhBank" */;
			buildPhases = (
				A14064AB7F4C41907975D283 /* [CP] Check Pods Manifest.lock */,
				84577E242723C2510018023A /* Sources */,
				84577E252723C2510018023A /* Frameworks */,
				84577E262723C2510018023A /* Resources */,
				05BD4639E272C4C9A4E3FA15 /* [CP] Embed Pods Frameworks */,
				49434D59103420C911AAF2CC /* [CP] Copy Pods Resources */,
			);
			buildRules = (
			);
			dependencies = (
			);
			name = DhBank;
			productName = DhBank;
			productReference = 84577E282723C2510018023A /* DhBank.app */;
			productType = "com.apple.product-type.application";
		};
/* End PBXNativeTarget section */

/* Begin PBXProject section */
		84577E202723C2510018023A /* Project object */ = {
			isa = PBXProject;
			attributes = {
				LastSwiftUpdateCheck = 1240;
				LastUpgradeCheck = 1240;
				TargetAttributes = {
					84577E272723C2510018023A = {
						CreatedOnToolsVersion = 12.4;
					};
				};
			};
			buildConfigurationList = 84577E232723C2510018023A /* Build configuration list for PBXProject "DhBank" */;
			compatibilityVersion = "Xcode 9.3";
			developmentRegion = en;
			hasScannedForEncodings = 0;
			knownRegions = (
				en,
				Base,
			);
			mainGroup = 84577E1F2723C2510018023A;
			productRefGroup = 84577E292723C2510018023A /* Products */;
			projectDirPath = "";
			projectRoot = "";
			targets = (
				84577E272723C2510018023A /* DhBank */,
			);
		};
/* End PBXProject section */

/* Begin PBXResourcesBuildPhase section */
		84577E262723C2510018023A /* Resources */ = {
			isa = PBXResourcesBuildPhase;
			buildActionMask = 2147483647;
			files = (
				1FEB38F32729B48000314E4F /* Podfile in Resources */,
				84577E382723C2530018023A /* LaunchScreen.storyboard in Resources */,
				84577E352723C2530018023A /* Assets.xcassets in Resources */,
				84577E332723C2510018023A /* Main.storyboard in Resources */,
				84577E612723C3D90018023A /* SelectedRecipeCollectionViewModelCell.xib in Resources */,
				84577E692723C3D90018023A /* CelulaComXibModelCell.xib in Resources */,
				1FB5B6B927558F7000188655 /* GoogleService-Info.plist in Resources */,
			);
			runOnlyForDeploymentPostprocessing = 0;
		};
/* End PBXResourcesBuildPhase section */

/* Begin PBXShellScriptBuildPhase section */
		05BD4639E272C4C9A4E3FA15 /* [CP] Embed Pods Frameworks */ = {
			isa = PBXShellScriptBuildPhase;
			buildActionMask = 2147483647;
			files = (
			);
			inputFileListPaths = (
				"${PODS_ROOT}/Target Support Files/Pods-DhBank/Pods-DhBank-frameworks-${CONFIGURATION}-input-files.xcfilelist",
			);
			name = "[CP] Embed Pods Frameworks";
			outputFileListPaths = (
				"${PODS_ROOT}/Target Support Files/Pods-DhBank/Pods-DhBank-frameworks-${CONFIGURATION}-output-files.xcfilelist",
			);
			runOnlyForDeploymentPostprocessing = 0;
			shellPath = /bin/sh;
			shellScript = "\"${PODS_ROOT}/Target Support Files/Pods-DhBank/Pods-DhBank-frameworks.sh\"\n";
			showEnvVarsInLog = 0;
		};
		49434D59103420C911AAF2CC /* [CP] Copy Pods Resources */ = {
			isa = PBXShellScriptBuildPhase;
			buildActionMask = 2147483647;
			files = (
			);
			inputFileListPaths = (
				"${PODS_ROOT}/Target Support Files/Pods-DhBank/Pods-DhBank-resources-${CONFIGURATION}-input-files.xcfilelist",
			);
			name = "[CP] Copy Pods Resources";
			outputFileListPaths = (
				"${PODS_ROOT}/Target Support Files/Pods-DhBank/Pods-DhBank-resources-${CONFIGURATION}-output-files.xcfilelist",
			);
			runOnlyForDeploymentPostprocessing = 0;
			shellPath = /bin/sh;
			shellScript = "\"${PODS_ROOT}/Target Support Files/Pods-DhBank/Pods-DhBank-resources.sh\"\n";
			showEnvVarsInLog = 0;
		};
		A14064AB7F4C41907975D283 /* [CP] Check Pods Manifest.lock */ = {
			isa = PBXShellScriptBuildPhase;
			buildActionMask = 2147483647;
			files = (
			);
			inputFileListPaths = (
			);
			inputPaths = (
				"${PODS_PODFILE_DIR_PATH}/Podfile.lock",
				"${PODS_ROOT}/Manifest.lock",
			);
			name = "[CP] Check Pods Manifest.lock";
			outputFileListPaths = (
			);
			outputPaths = (
				"$(DERIVED_FILE_DIR)/Pods-DhBank-checkManifestLockResult.txt",
			);
			runOnlyForDeploymentPostprocessing = 0;
			shellPath = /bin/sh;
			shellScript = "diff \"${PODS_PODFILE_DIR_PATH}/Podfile.lock\" \"${PODS_ROOT}/Manifest.lock\" > /dev/null\nif [ $? != 0 ] ; then\n    # print error to STDERR\n    echo \"error: The sandbox is not in sync with the Podfile.lock. Run 'pod install' or update your CocoaPods installation.\" >&2\n    exit 1\nfi\n# This output is used by Xcode 'outputs' to avoid re-running this script phase.\necho \"SUCCESS\" > \"${SCRIPT_OUTPUT_FILE_0}\"\n";
			showEnvVarsInLog = 0;
		};
/* End PBXShellScriptBuildPhase section */

/* Begin PBXSourcesBuildPhase section */
		84577E242723C2510018023A /* Sources */ = {
			isa = PBXSourcesBuildPhase;
			buildActionMask = 2147483647;
			files = (
				1FB302642739C6BB00858775 /* CoinModel.swift in Sources */,
				84577E682723C3D90018023A /* CelulaComXibModel.swift in Sources */,
				84577E642723C3D90018023A /* CollectionViewCompatible.swift in Sources */,
				1FC502BB2745C84A006C9437 /* CheckPoint+CoreDataProperties copy.swift in Sources */,
				84848F70272C8F61000BF623 /* GradientLabel.swift in Sources */,
				84577E602723C3D90018023A /* SelectedFilterRecipesDataSource.swift in Sources */,
				1FC502BA2745C84A006C9437 /* CheckPoint+CoreDataClass copy.swift in Sources */,
				84577E6B2723C3D90018023A /* TableViewCompatible.swift in Sources */,
				1F36E5BC2757A82A00954800 /* LoginViewModel.swift in Sources */,
				84577E622723C3D90018023A /* SelectedRecipeCollectionViewModelCell.swift in Sources */,
				84577E632723C3D90018023A /* SelectedRecipeCollectionViewModel.swift in Sources */,
				84577E5D2723C3D90018023A /* SecondViewController.swift in Sources */,
				1FE702342745412900576E27 /* CoinModelEUR.swift in Sources */,
				1FB302662739C99700858775 /* CoinViewModel.swift in Sources */,
				84577E672723C3D90018023A /* DataSource.swift in Sources */,
				1F36E5C02757B0AE00954800 /* HomeViewModel.swift in Sources */,
				1FC502BD2745C933006C9437 /* CoreDataService.swift in Sources */,
				84577E652723C3D90018023A /* RoundButton.swift in Sources */,
				1FB302622739C2F400858775 /* apiServices.swift in Sources */,
				1F36E5BE2757A8FA00954800 /* FirebaseService.swift in Sources */,
				84577E2C2723C2510018023A /* AppDelegate.swift in Sources */,
				1FC502AF2745C649006C9437 /* CoreData.xcdatamodeld in Sources */,
				84577E5E2723C3D90018023A /* ViewController.swift in Sources */,
				84577E6D2723C3D90018023A /* TelaPrincipalViewController.swift in Sources */,
				84848F6D272C8749000BF623 /* GradientButton.swift in Sources */,
				84577E6C2723C3D90018023A /* TelaFavoritesViewController.swift in Sources */,
				84577E662723C3D90018023A /* GradientViewThreeColors.swift in Sources */,
				84577E2E2723C2510018023A /* SceneDelegate.swift in Sources */,
				84577E6A2723C3D90018023A /* CelulaComXibModelCell.swift in Sources */,
			);
			runOnlyForDeploymentPostprocessing = 0;
		};
/* End PBXSourcesBuildPhase section */

/* Begin PBXVariantGroup section */
		84577E312723C2510018023A /* Main.storyboard */ = {
			isa = PBXVariantGroup;
			children = (
				84577E322723C2510018023A /* Base */,
			);
			name = Main.storyboard;
			sourceTree = "<group>";
		};
		84577E362723C2530018023A /* LaunchScreen.storyboard */ = {
			isa = PBXVariantGroup;
			children = (
				84577E372723C2530018023A /* Base */,
			);
			name = LaunchScreen.storyboard;
			sourceTree = "<group>";
		};
/* End PBXVariantGroup section */

/* Begin XCBuildConfiguration section */
		84577E3A2723C2530018023A /* Debug */ = {
			isa = XCBuildConfiguration;
			buildSettings = {
				ALWAYS_SEARCH_USER_PATHS = NO;
				CLANG_ANALYZER_NONNULL = YES;
				CLANG_ANALYZER_NUMBER_OBJECT_CONVERSION = YES_AGGRESSIVE;
				CLANG_CXX_LANGUAGE_STANDARD = "gnu++14";
				CLANG_CXX_LIBRARY = "libc++";
				CLANG_ENABLE_MODULES = YES;
				CLANG_ENABLE_OBJC_ARC = YES;
				CLANG_ENABLE_OBJC_WEAK = YES;
				CLANG_WARN_BLOCK_CAPTURE_AUTORELEASING = YES;
				CLANG_WARN_BOOL_CONVERSION = YES;
				CLANG_WARN_COMMA = YES;
				CLANG_WARN_CONSTANT_CONVERSION = YES;
				CLANG_WARN_DEPRECATED_OBJC_IMPLEMENTATIONS = YES;
				CLANG_WARN_DIRECT_OBJC_ISA_USAGE = YES_ERROR;
				CLANG_WARN_DOCUMENTATION_COMMENTS = YES;
				CLANG_WARN_EMPTY_BODY = YES;
				CLANG_WARN_ENUM_CONVERSION = YES;
				CLANG_WARN_INFINITE_RECURSION = YES;
				CLANG_WARN_INT_CONVERSION = YES;
				CLANG_WARN_NON_LITERAL_NULL_CONVERSION = YES;
				CLANG_WARN_OBJC_IMPLICIT_RETAIN_SELF = YES;
				CLANG_WARN_OBJC_LITERAL_CONVERSION = YES;
				CLANG_WARN_OBJC_ROOT_CLASS = YES_ERROR;
				CLANG_WARN_QUOTED_INCLUDE_IN_FRAMEWORK_HEADER = YES;
				CLANG_WARN_RANGE_LOOP_ANALYSIS = YES;
				CLANG_WARN_STRICT_PROTOTYPES = YES;
				CLANG_WARN_SUSPICIOUS_MOVE = YES;
				CLANG_WARN_UNGUARDED_AVAILABILITY = YES_AGGRESSIVE;
				CLANG_WARN_UNREACHABLE_CODE = YES;
				CLANG_WARN__DUPLICATE_METHOD_MATCH = YES;
				COPY_PHASE_STRIP = NO;
				DEBUG_INFORMATION_FORMAT = dwarf;
				ENABLE_STRICT_OBJC_MSGSEND = YES;
				ENABLE_TESTABILITY = YES;
				GCC_C_LANGUAGE_STANDARD = gnu11;
				GCC_DYNAMIC_NO_PIC = NO;
				GCC_NO_COMMON_BLOCKS = YES;
				GCC_OPTIMIZATION_LEVEL = 0;
				GCC_PREPROCESSOR_DEFINITIONS = (
					"DEBUG=1",
					"$(inherited)",
				);
				GCC_WARN_64_TO_32_BIT_CONVERSION = YES;
				GCC_WARN_ABOUT_RETURN_TYPE = YES_ERROR;
				GCC_WARN_UNDECLARED_SELECTOR = YES;
				GCC_WARN_UNINITIALIZED_AUTOS = YES_AGGRESSIVE;
				GCC_WARN_UNUSED_FUNCTION = YES;
				GCC_WARN_UNUSED_VARIABLE = YES;
				IPHONEOS_DEPLOYMENT_TARGET = 14.4;
				MTL_ENABLE_DEBUG_INFO = INCLUDE_SOURCE;
				MTL_FAST_MATH = YES;
				ONLY_ACTIVE_ARCH = YES;
				SDKROOT = iphoneos;
				SWIFT_ACTIVE_COMPILATION_CONDITIONS = DEBUG;
				SWIFT_OPTIMIZATION_LEVEL = "-Onone";
			};
			name = Debug;
		};
		84577E3B2723C2530018023A /* Release */ = {
			isa = XCBuildConfiguration;
			buildSettings = {
				ALWAYS_SEARCH_USER_PATHS = NO;
				CLANG_ANALYZER_NONNULL = YES;
				CLANG_ANALYZER_NUMBER_OBJECT_CONVERSION = YES_AGGRESSIVE;
				CLANG_CXX_LANGUAGE_STANDARD = "gnu++14";
				CLANG_CXX_LIBRARY = "libc++";
				CLANG_ENABLE_MODULES = YES;
				CLANG_ENABLE_OBJC_ARC = YES;
				CLANG_ENABLE_OBJC_WEAK = YES;
				CLANG_WARN_BLOCK_CAPTURE_AUTORELEASING = YES;
				CLANG_WARN_BOOL_CONVERSION = YES;
				CLANG_WARN_COMMA = YES;
				CLANG_WARN_CONSTANT_CONVERSION = YES;
				CLANG_WARN_DEPRECATED_OBJC_IMPLEMENTATIONS = YES;
				CLANG_WARN_DIRECT_OBJC_ISA_USAGE = YES_ERROR;
				CLANG_WARN_DOCUMENTATION_COMMENTS = YES;
				CLANG_WARN_EMPTY_BODY = YES;
				CLANG_WARN_ENUM_CONVERSION = YES;
				CLANG_WARN_INFINITE_RECURSION = YES;
				CLANG_WARN_INT_CONVERSION = YES;
				CLANG_WARN_NON_LITERAL_NULL_CONVERSION = YES;
				CLANG_WARN_OBJC_IMPLICIT_RETAIN_SELF = YES;
				CLANG_WARN_OBJC_LITERAL_CONVERSION = YES;
				CLANG_WARN_OBJC_ROOT_CLASS = YES_ERROR;
				CLANG_WARN_QUOTED_INCLUDE_IN_FRAMEWORK_HEADER = YES;
				CLANG_WARN_RANGE_LOOP_ANALYSIS = YES;
				CLANG_WARN_STRICT_PROTOTYPES = YES;
				CLANG_WARN_SUSPICIOUS_MOVE = YES;
				CLANG_WARN_UNGUARDED_AVAILABILITY = YES_AGGRESSIVE;
				CLANG_WARN_UNREACHABLE_CODE = YES;
				CLANG_WARN__DUPLICATE_METHOD_MATCH = YES;
				COPY_PHASE_STRIP = NO;
				DEBUG_INFORMATION_FORMAT = "dwarf-with-dsym";
				ENABLE_NS_ASSERTIONS = NO;
				ENABLE_STRICT_OBJC_MSGSEND = YES;
				GCC_C_LANGUAGE_STANDARD = gnu11;
				GCC_NO_COMMON_BLOCKS = YES;
				GCC_WARN_64_TO_32_BIT_CONVERSION = YES;
				GCC_WARN_ABOUT_RETURN_TYPE = YES_ERROR;
				GCC_WARN_UNDECLARED_SELECTOR = YES;
				GCC_WARN_UNINITIALIZED_AUTOS = YES_AGGRESSIVE;
				GCC_WARN_UNUSED_FUNCTION = YES;
				GCC_WARN_UNUSED_VARIABLE = YES;
				IPHONEOS_DEPLOYMENT_TARGET = 14.4;
				MTL_ENABLE_DEBUG_INFO = NO;
				MTL_FAST_MATH = YES;
				SDKROOT = iphoneos;
				SWIFT_COMPILATION_MODE = wholemodule;
				SWIFT_OPTIMIZATION_LEVEL = "-O";
				VALIDATE_PRODUCT = YES;
			};
			name = Release;
		};
		84577E3D2723C2530018023A /* Debug */ = {
			isa = XCBuildConfiguration;
			baseConfigurationReference = F11D7342086B42C865131DD3 /* Pods-DhBank.debug.xcconfig */;
			buildSettings = {
				ASSETCATALOG_COMPILER_APPICON_NAME = AppIcon;
				ASSETCATALOG_COMPILER_GLOBAL_ACCENT_COLOR_NAME = AccentColor;
				CODE_SIGN_STYLE = Automatic;
				DEVELOPMENT_TEAM = 3ND848LG5R;
				INFOPLIST_FILE = Info.plist;
				LD_RUNPATH_SEARCH_PATHS = (
					"$(inherited)",
					"@executable_path/Frameworks",
				);
				PRODUCT_BUNDLE_IDENTIFIER = com.digital.dhbank;
				PRODUCT_NAME = "$(TARGET_NAME)";
				SWIFT_VERSION = 5.0;
				TARGETED_DEVICE_FAMILY = 1;
			};
			name = Debug;
		};
		84577E3E2723C2530018023A /* Release */ = {
			isa = XCBuildConfiguration;
			baseConfigurationReference = CD5720049D8843533E335BE9 /* Pods-DhBank.release.xcconfig */;
			buildSettings = {
				ASSETCATALOG_COMPILER_APPICON_NAME = AppIcon;
				ASSETCATALOG_COMPILER_GLOBAL_ACCENT_COLOR_NAME = AccentColor;
				CODE_SIGN_STYLE = Automatic;
				DEVELOPMENT_TEAM = 3ND848LG5R;
				INFOPLIST_FILE = Info.plist;
				LD_RUNPATH_SEARCH_PATHS = (
					"$(inherited)",
					"@executable_path/Frameworks",
				);
				PRODUCT_BUNDLE_IDENTIFIER = com.digital.dhbank;
				PRODUCT_NAME = "$(TARGET_NAME)";
				SWIFT_VERSION = 5.0;
				TARGETED_DEVICE_FAMILY = 1;
			};
			name = Release;
		};
/* End XCBuildConfiguration section */

/* Begin XCConfigurationList section */
		84577E232723C2510018023A /* Build configuration list for PBXProject "DhBank" */ = {
			isa = XCConfigurationList;
			buildConfigurations = (
				84577E3A2723C2530018023A /* Debug */,
				84577E3B2723C2530018023A /* Release */,
			);
			defaultConfigurationIsVisible = 0;
			defaultConfigurationName = Release;
		};
		84577E3C2723C2530018023A /* Build configuration list for PBXNativeTarget "DhBank" */ = {
			isa = XCConfigurationList;
			buildConfigurations = (
				84577E3D2723C2530018023A /* Debug */,
				84577E3E2723C2530018023A /* Release */,
			);
			defaultConfigurationIsVisible = 0;
			defaultConfigurationName = Release;
		};
/* End XCConfigurationList section */

/* Begin XCVersionGroup section */
		1FC502AD2745C649006C9437 /* CoreData.xcdatamodeld */ = {
			isa = XCVersionGroup;
			children = (
				1FC502AE2745C649006C9437 /* CoreData.xcdatamodel */,
			);
			currentVersion = 1FC502AE2745C649006C9437 /* CoreData.xcdatamodel */;
			path = CoreData.xcdatamodeld;
			sourceTree = "<group>";
			versionGroupType = wrapper.xcdatamodel;
		};
/* End XCVersionGroup section */
	};
	rootObject = 84577E202723C2510018023A /* Project object */;
}
